
Microsoft Visual Studio Solution File, Format Version 12.00
# Visual Studio Version 16
VisualStudioVersion = 16.0.32002.261
MinimumVisualStudioVersion = 10.0.40219.1
Project("{FAE04EC0-301F-11D3-BF4B-00C04F79EFBC}") = "EMFtoSVGConverter", "EMFtoSVGConverter\EMFtoSVGConverter.csproj", "{37206FE5-0DA4-400E-B917-7E216A53B279}"
EndProject
Global
	GlobalSection(SolutionConfigurationPlatforms) = preSolution
		Debug|Any CPU = Debug|Any CPU
		Release|Any CPU = Release|Any CPU
	EndGlobalSection
	GlobalSection(ProjectConfigurationPlatforms) = postSolution
		{37206FE5-0DA4-400E-B917-7E216A53B279}.Debug|Any CPU.ActiveCfg = Debug|Any CPU
		{37206FE5-0DA4-400E-B917-7E216A53B279}.Debug|Any CPU.Build.0 = Debug|Any CPU
		{37206FE5-0DA4-400E-B917-7E216A53B279}.Release|Any CPU.ActiveCfg = Release|Any CPU
		{37206FE5-0DA4-400E-B917-7E216A53B279}.Release|Any CPU.Build.0 = Release|Any CPU
	EndGlobalSection
	GlobalSection(SolutionProperties) = preSolution
		HideSolutionNode = FALSE
	EndGlobalSection
	GlobalSection(ExtensibilityGlobals) = postSolution
		SolutionGuid = {2E3A15C4-DCE5-40CC-8795-50D3A2F51214}
	EndGlobalSection
EndGlobal
